
Microsoft Visual Studio Solution File, Format Version 12.00
# Visual Studio Version 17
VisualStudioVersion = 17.0.31612.314
MinimumVisualStudioVersion = 10.0.40219.1
Project("{2150E333-8FDC-42A3-9474-1A3956D46DE8}") = "Services", "Services", "{0666C48F-DDF2-44A7-B8A9-70EC567A2219}"
EndProject
Project("{2150E333-8FDC-42A3-9474-1A3956D46DE8}") = "Catalog", "Catalog", "{C609A9C0-4CFE-422C-BEAE-3E7915D50060}"
EndProject
Project("{9A19103F-16F7-4668-BE54-9A1E7A4F7556}") = "CatalogAPI", "Services\Catalog\CatalogAPI\CatalogAPI.csproj", "{8B9F2CC8-4643-4299-B879-E9F65F06153F}"
EndProject
Project("{E53339B2-1760-4266-BCC7-CA923CBCF16C}") = "docker-compose", "docker-compose.dcproj", "{8E7B907C-8F6B-4112-A3DB-44571B3E4034}"
EndProject
Project("{2150E333-8FDC-42A3-9474-1A3956D46DE8}") = "Basket", "Basket", "{A02671CF-FE85-4060-8435-7B5B977D8B47}"
EndProject
Project("{9A19103F-16F7-4668-BE54-9A1E7A4F7556}") = "BasketAPI", "Services\Basket\BasketAPI\BasketAPI.csproj", "{7E07E351-8E03-4123-A554-62EE570726B8}"
EndProject
Project("{2150E333-8FDC-42A3-9474-1A3956D46DE8}") = "Discount", "Discount", "{61720D41-E4E3-4CEA-9CA6-F66F4B61AA18}"
EndProject
Project("{9A19103F-16F7-4668-BE54-9A1E7A4F7556}") = "DiscountAPI", "Services\Discount\DiscountAPI\DiscountAPI.csproj", "{2077397C-2CCD-4208-AFE0-8C2C5FC95961}"
EndProject
Project("{9A19103F-16F7-4668-BE54-9A1E7A4F7556}") = "DiscountGRPC", "Services\Discount\DiscountGRPC\DiscountGRPC.csproj", "{910EFB1F-A601-4230-9990-5B6B4687376D}"
EndProject
Project("{2150E333-8FDC-42A3-9474-1A3956D46DE8}") = "Ordering", "Ordering", "{52CCAA2A-019B-4111-969E-73C2418CD23D}"
EndProject
Project("{FAE04EC0-301F-11D3-BF4B-00C04F79EFBC}") = "OrderingAPI", "Services\Ordering\OrderingAPI\OrderingAPI.csproj", "{ED5BC0A1-23B5-4AF4-ADE8-0FBBDA22F6BF}"
EndProject
Global
	GlobalSection(SolutionConfigurationPlatforms) = preSolution
		Debug|Any CPU = Debug|Any CPU
		Release|Any CPU = Release|Any CPU
	EndGlobalSection
	GlobalSection(ProjectConfigurationPlatforms) = postSolution
		{8B9F2CC8-4643-4299-B879-E9F65F06153F}.Debug|Any CPU.ActiveCfg = Debug|Any CPU
		{8B9F2CC8-4643-4299-B879-E9F65F06153F}.Debug|Any CPU.Build.0 = Debug|Any CPU
		{8B9F2CC8-4643-4299-B879-E9F65F06153F}.Release|Any CPU.ActiveCfg = Release|Any CPU
		{8B9F2CC8-4643-4299-B879-E9F65F06153F}.Release|Any CPU.Build.0 = Release|Any CPU
		{8E7B907C-8F6B-4112-A3DB-44571B3E4034}.Debug|Any CPU.ActiveCfg = Debug|Any CPU
		{8E7B907C-8F6B-4112-A3DB-44571B3E4034}.Debug|Any CPU.Build.0 = Debug|Any CPU
		{8E7B907C-8F6B-4112-A3DB-44571B3E4034}.Release|Any CPU.ActiveCfg = Release|Any CPU
		{8E7B907C-8F6B-4112-A3DB-44571B3E4034}.Release|Any CPU.Build.0 = Release|Any CPU
		{7E07E351-8E03-4123-A554-62EE570726B8}.Debug|Any CPU.ActiveCfg = Debug|Any CPU
		{7E07E351-8E03-4123-A554-62EE570726B8}.Debug|Any CPU.Build.0 = Debug|Any CPU
		{7E07E351-8E03-4123-A554-62EE570726B8}.Release|Any CPU.ActiveCfg = Release|Any CPU
		{7E07E351-8E03-4123-A554-62EE570726B8}.Release|Any CPU.Build.0 = Release|Any CPU
		{2077397C-2CCD-4208-AFE0-8C2C5FC95961}.Debug|Any CPU.ActiveCfg = Debug|Any CPU
		{2077397C-2CCD-4208-AFE0-8C2C5FC95961}.Debug|Any CPU.Build.0 = Debug|Any CPU
		{2077397C-2CCD-4208-AFE0-8C2C5FC95961}.Release|Any CPU.ActiveCfg = Release|Any CPU
		{2077397C-2CCD-4208-AFE0-8C2C5FC95961}.Release|Any CPU.Build.0 = Release|Any CPU
		{910EFB1F-A601-4230-9990-5B6B4687376D}.Debug|Any CPU.ActiveCfg = Debug|Any CPU
		{910EFB1F-A601-4230-9990-5B6B4687376D}.Debug|Any CPU.Build.0 = Debug|Any CPU
		{910EFB1F-A601-4230-9990-5B6B4687376D}.Release|Any CPU.ActiveCfg = Release|Any CPU
		{910EFB1F-A601-4230-9990-5B6B4687376D}.Release|Any CPU.Build.0 = Release|Any CPU
		{ED5BC0A1-23B5-4AF4-ADE8-0FBBDA22F6BF}.Debug|Any CPU.ActiveCfg = Debug|Any CPU
		{ED5BC0A1-23B5-4AF4-ADE8-0FBBDA22F6BF}.Debug|Any CPU.Build.0 = Debug|Any CPU
		{ED5BC0A1-23B5-4AF4-ADE8-0FBBDA22F6BF}.Release|Any CPU.ActiveCfg = Release|Any CPU
		{ED5BC0A1-23B5-4AF4-ADE8-0FBBDA22F6BF}.Release|Any CPU.Build.0 = Release|Any CPU
	EndGlobalSection
	GlobalSection(SolutionProperties) = preSolution
		HideSolutionNode = FALSE
	EndGlobalSection
	GlobalSection(NestedProjects) = preSolution
		{C609A9C0-4CFE-422C-BEAE-3E7915D50060} = {0666C48F-DDF2-44A7-B8A9-70EC567A2219}
		{8B9F2CC8-4643-4299-B879-E9F65F06153F} = {C609A9C0-4CFE-422C-BEAE-3E7915D50060}
		{A02671CF-FE85-4060-8435-7B5B977D8B47} = {0666C48F-DDF2-44A7-B8A9-70EC567A2219}
		{7E07E351-8E03-4123-A554-62EE570726B8} = {A02671CF-FE85-4060-8435-7B5B977D8B47}
		{61720D41-E4E3-4CEA-9CA6-F66F4B61AA18} = {0666C48F-DDF2-44A7-B8A9-70EC567A2219}
		{2077397C-2CCD-4208-AFE0-8C2C5FC95961} = {61720D41-E4E3-4CEA-9CA6-F66F4B61AA18}
		{910EFB1F-A601-4230-9990-5B6B4687376D} = {61720D41-E4E3-4CEA-9CA6-F66F4B61AA18}
		{52CCAA2A-019B-4111-969E-73C2418CD23D} = {0666C48F-DDF2-44A7-B8A9-70EC567A2219}
		{ED5BC0A1-23B5-4AF4-ADE8-0FBBDA22F6BF} = {52CCAA2A-019B-4111-969E-73C2418CD23D}
	EndGlobalSection
	GlobalSection(ExtensibilityGlobals) = postSolution
		SolutionGuid = {6A01A7E4-3DEE-41F8-8A03-12CA1F06E7F1}
	EndGlobalSection
EndGlobal
